
Microsoft Visual Studio Solution File, Format Version 12.00
# Visual Studio Version 16
VisualStudioVersion = 16.0.31424.327
MinimumVisualStudioVersion = 10.0.40219.1
Project("{FAE04EC0-301F-11D3-BF4B-00C04F79EFBC}") = "DataIngestionIntoAzureNoSQL", "DataIngestionIntoAzureNoSQL\DataIngestionIntoAzureNoSQL.csproj", "{75CA0185-90B4-4E23-BD5F-513C38DF3A95}"
EndProject
Global
	GlobalSection(SolutionConfigurationPlatforms) = preSolution
		Debug|Any CPU = Debug|Any CPU
		Release|Any CPU = Release|Any CPU
	EndGlobalSection
	GlobalSection(ProjectConfigurationPlatforms) = postSolution
		{75CA0185-90B4-4E23-BD5F-513C38DF3A95}.Debug|Any CPU.ActiveCfg = Debug|Any CPU
		{75CA0185-90B4-4E23-BD5F-513C38DF3A95}.Debug|Any CPU.Build.0 = Debug|Any CPU
		{75CA0185-90B4-4E23-BD5F-513C38DF3A95}.Release|Any CPU.ActiveCfg = Release|Any CPU
		{75CA0185-90B4-4E23-BD5F-513C38DF3A95}.Release|Any CPU.Build.0 = Release|Any CPU
	EndGlobalSection
	GlobalSection(SolutionProperties) = preSolution
		HideSolutionNode = FALSE
	EndGlobalSection
	GlobalSection(ExtensibilityGlobals) = postSolution
		SolutionGuid = {33B9A6EC-5412-4076-BB2E-13C230D2808E}
	EndGlobalSection
EndGlobal
